
Microsoft Visual Studio Solution File, Format Version 12.00
# Visual Studio Version 16
VisualStudioVersion = 16.0.30804.86
MinimumVisualStudioVersion = 10.0.40219.1
Project("{FAE04EC0-301F-11D3-BF4B-00C04F79EFBC}") = "PocketDBSample", "PocketDBSample\PocketDBSample.csproj", "{D20C222F-86FF-4B02-AB56-E98EEB598CBC}"
EndProject
Global
	GlobalSection(SolutionConfigurationPlatforms) = preSolution
		Debug|Any CPU = Debug|Any CPU
		Release|Any CPU = Release|Any CPU
	EndGlobalSection
	GlobalSection(ProjectConfigurationPlatforms) = postSolution
		{D20C222F-86FF-4B02-AB56-E98EEB598CBC}.Debug|Any CPU.ActiveCfg = Debug|Any CPU
		{D20C222F-86FF-4B02-AB56-E98EEB598CBC}.Debug|Any CPU.Build.0 = Debug|Any CPU
		{D20C222F-86FF-4B02-AB56-E98EEB598CBC}.Release|Any CPU.ActiveCfg = Release|Any CPU
		{D20C222F-86FF-4B02-AB56-E98EEB598CBC}.Release|Any CPU.Build.0 = Release|Any CPU
	EndGlobalSection
	GlobalSection(SolutionProperties) = preSolution
		HideSolutionNode = FALSE
	EndGlobalSection
	GlobalSection(ExtensibilityGlobals) = postSolution
		SolutionGuid = {F89727AA-D187-45AE-AB32-A97A7DECFD65}
	EndGlobalSection
EndGlobal
